
Microsoft Visual Studio Solution File, Format Version 12.00
# Visual Studio Version 17
VisualStudioVersion = 17.8.34525.116
MinimumVisualStudioVersion = 10.0.40219.1
Project("{FAE04EC0-301F-11D3-BF4B-00C04F79EFBC}") = "tydz4_lek13", "ConsoleApp1\tydz4_lek13.csproj", "{A0BA0D41-AF7C-473C-BA0E-6C4E4633CD7F}"
EndProject
Global
	GlobalSection(SolutionConfigurationPlatforms) = preSolution
		Debug|Any CPU = Debug|Any CPU
		Release|Any CPU = Release|Any CPU
	EndGlobalSection
	GlobalSection(ProjectConfigurationPlatforms) = postSolution
		{A0BA0D41-AF7C-473C-BA0E-6C4E4633CD7F}.Debug|Any CPU.ActiveCfg = Debug|Any CPU
		{A0BA0D41-AF7C-473C-BA0E-6C4E4633CD7F}.Debug|Any CPU.Build.0 = Debug|Any CPU
		{A0BA0D41-AF7C-473C-BA0E-6C4E4633CD7F}.Release|Any CPU.ActiveCfg = Release|Any CPU
		{A0BA0D41-AF7C-473C-BA0E-6C4E4633CD7F}.Release|Any CPU.Build.0 = Release|Any CPU
	EndGlobalSection
	GlobalSection(SolutionProperties) = preSolution
		HideSolutionNode = FALSE
	EndGlobalSection
	GlobalSection(ExtensibilityGlobals) = postSolution
		SolutionGuid = {741E6C53-52EB-4CAB-BE6C-EC9331D47C71}
	EndGlobalSection
EndGlobal
